
Microsoft Visual Studio Solution File, Format Version 12.00
# Visual Studio Version 16
VisualStudioVersion = 16.0.29709.97
MinimumVisualStudioVersion = 10.0.40219.1
Project("{FAE04EC0-301F-11D3-BF4B-00C04F79EFBC}") = "ConsoleApps", "ConsoleApps\ConsoleApps.csproj", "{4DFF9948-34D4-4DD7-A8A5-A3AE7261D511}"
EndProject
Project("{FAE04EC0-301F-11D3-BF4B-00C04F79EFBC}") = "LoopApp", "LoopApp\LoopApp.csproj", "{C8F6E228-3B63-4F38-A767-B30E1B13BEF0}"
EndProject
Project("{FAE04EC0-301F-11D3-BF4B-00C04F79EFBC}") = "WhileLoopApp", "WhileLoopApp\WhileLoopApp.csproj", "{397967D3-6315-44A5-A4B9-ED7815E75C16}"
EndProject
Project("{FAE04EC0-301F-11D3-BF4B-00C04F79EFBC}") = "WriteToFileApp", "WriteToFileApp\WriteToFileApp.csproj", "{CB677B8E-2269-4064-BB59-A650AEF66186}"
EndProject
Project("{FAE04EC0-301F-11D3-BF4B-00C04F79EFBC}") = "StringInterpolation", "StringInterpolation\StringInterpolation.csproj", "{FD89D5D4-B7CC-428F-8BCB-1C3A2C0402F6}"
EndProject
Project("{FAE04EC0-301F-11D3-BF4B-00C04F79EFBC}") = "StringTrim", "StringTrim\StringTrim.csproj", "{4B3B4624-439F-44C2-9F5C-4489D087865C}"
EndProject
Global
	GlobalSection(SolutionConfigurationPlatforms) = preSolution
		Debug|Any CPU = Debug|Any CPU
		Release|Any CPU = Release|Any CPU
	EndGlobalSection
	GlobalSection(ProjectConfigurationPlatforms) = postSolution
		{4DFF9948-34D4-4DD7-A8A5-A3AE7261D511}.Debug|Any CPU.ActiveCfg = Debug|Any CPU
		{4DFF9948-34D4-4DD7-A8A5-A3AE7261D511}.Debug|Any CPU.Build.0 = Debug|Any CPU
		{4DFF9948-34D4-4DD7-A8A5-A3AE7261D511}.Release|Any CPU.ActiveCfg = Release|Any CPU
		{4DFF9948-34D4-4DD7-A8A5-A3AE7261D511}.Release|Any CPU.Build.0 = Release|Any CPU
		{C8F6E228-3B63-4F38-A767-B30E1B13BEF0}.Debug|Any CPU.ActiveCfg = Debug|Any CPU
		{C8F6E228-3B63-4F38-A767-B30E1B13BEF0}.Debug|Any CPU.Build.0 = Debug|Any CPU
		{C8F6E228-3B63-4F38-A767-B30E1B13BEF0}.Release|Any CPU.ActiveCfg = Release|Any CPU
		{C8F6E228-3B63-4F38-A767-B30E1B13BEF0}.Release|Any CPU.Build.0 = Release|Any CPU
		{397967D3-6315-44A5-A4B9-ED7815E75C16}.Debug|Any CPU.ActiveCfg = Debug|Any CPU
		{397967D3-6315-44A5-A4B9-ED7815E75C16}.Debug|Any CPU.Build.0 = Debug|Any CPU
		{397967D3-6315-44A5-A4B9-ED7815E75C16}.Release|Any CPU.ActiveCfg = Release|Any CPU
		{397967D3-6315-44A5-A4B9-ED7815E75C16}.Release|Any CPU.Build.0 = Release|Any CPU
		{CB677B8E-2269-4064-BB59-A650AEF66186}.Debug|Any CPU.ActiveCfg = Debug|Any CPU
		{CB677B8E-2269-4064-BB59-A650AEF66186}.Debug|Any CPU.Build.0 = Debug|Any CPU
		{CB677B8E-2269-4064-BB59-A650AEF66186}.Release|Any CPU.ActiveCfg = Release|Any CPU
		{CB677B8E-2269-4064-BB59-A650AEF66186}.Release|Any CPU.Build.0 = Release|Any CPU
		{FD89D5D4-B7CC-428F-8BCB-1C3A2C0402F6}.Debug|Any CPU.ActiveCfg = Debug|Any CPU
		{FD89D5D4-B7CC-428F-8BCB-1C3A2C0402F6}.Debug|Any CPU.Build.0 = Debug|Any CPU
		{FD89D5D4-B7CC-428F-8BCB-1C3A2C0402F6}.Release|Any CPU.ActiveCfg = Release|Any CPU
		{FD89D5D4-B7CC-428F-8BCB-1C3A2C0402F6}.Release|Any CPU.Build.0 = Release|Any CPU
		{4B3B4624-439F-44C2-9F5C-4489D087865C}.Debug|Any CPU.ActiveCfg = Debug|Any CPU
		{4B3B4624-439F-44C2-9F5C-4489D087865C}.Debug|Any CPU.Build.0 = Debug|Any CPU
		{4B3B4624-439F-44C2-9F5C-4489D087865C}.Release|Any CPU.ActiveCfg = Release|Any CPU
		{4B3B4624-439F-44C2-9F5C-4489D087865C}.Release|Any CPU.Build.0 = Release|Any CPU
	EndGlobalSection
	GlobalSection(SolutionProperties) = preSolution
		HideSolutionNode = FALSE
	EndGlobalSection
	GlobalSection(ExtensibilityGlobals) = postSolution
		SolutionGuid = {5E4D34F6-FBD7-42D4-B3F6-336015EB1868}
	EndGlobalSection
EndGlobal
