
Microsoft Visual Studio Solution File, Format Version 12.00
# Visual Studio Version 16
VisualStudioVersion = 16.0.29709.97
MinimumVisualStudioVersion = 10.0.40219.1
Project("{FAE04EC0-301F-11D3-BF4B-00C04F79EFBC}") = "ConsoleApps", "ConsoleApps\ConsoleApps.csproj", "{4DFF9948-34D4-4DD7-A8A5-A3AE7261D511}"
EndProject
Project("{FAE04EC0-301F-11D3-BF4B-00C04F79EFBC}") = "LoopApp", "LoopApp\LoopApp.csproj", "{C8F6E228-3B63-4F38-A767-B30E1B13BEF0}"
EndProject
Project("{FAE04EC0-301F-11D3-BF4B-00C04F79EFBC}") = "WhileLoopApp", "WhileLoopApp\WhileLoopApp.csproj", "{397967D3-6315-44A5-A4B9-ED7815E75C16}"
EndProject
Project("{FAE04EC0-301F-11D3-BF4B-00C04F79EFBC}") = "WriteToFileApp", "WriteToFileApp\WriteToFileApp.csproj", "{CB677B8E-2269-4064-BB59-A650AEF66186}"
EndProject
Project("{FAE04EC0-301F-11D3-BF4B-00C04F79EFBC}") = "StringInterpolation", "StringInterpolation\StringInterpolation.csproj", "{FD89D5D4-B7CC-428F-8BCB-1C3A2C0402F6}"
EndProject
Project("{FAE04EC0-301F-11D3-BF4B-00C04F79EFBC}") = "StringTrim", "StringTrim\StringTrim.csproj", "{4B3B4624-439F-44C2-9F5C-4489D087865C}"
EndProject
Project("{FAE04EC0-301F-11D3-BF4B-00C04F79EFBC}") = "SearchStrings", "SearchStrings\SearchStrings.csproj", "{F64639DD-51BE-4455-A635-E27AFFCA0EDE}"
EndProject
Project("{FAE04EC0-301F-11D3-BF4B-00C04F79EFBC}") = "Math", "Math\Math.csproj", "{3F0D279D-C527-4A7B-BEA0-BD24BE6C86A7}"
EndProject
Project("{FAE04EC0-301F-11D3-BF4B-00C04F79EFBC}") = "MathOrder", "MathOrder\MathOrder.csproj", "{C77D71FE-0CE7-4145-BB68-0082FF5A1DC3}"
EndProject
Project("{FAE04EC0-301F-11D3-BF4B-00C04F79EFBC}") = "MathDoubles", "MathDoubles\MathDoubles.csproj", "{83BC2ABC-9EC0-4F59-A964-C127360F7F20}"
EndProject
Project("{FAE04EC0-301F-11D3-BF4B-00C04F79EFBC}") = "MathDecimals", "MathDesimals\MathDecimals.csproj", "{65AECB65-48C1-4259-8E21-1ED3FC6D1F60}"
EndProject
Project("{9A19103F-16F7-4668-BE54-9A1E7A4F7556}") = "IfStatments", "IfStatments\IfStatments.csproj", "{0757951B-A120-42ED-B45D-BB3763E1ADAB}"
EndProject
Project("{9A19103F-16F7-4668-BE54-9A1E7A4F7556}") = "IfElse", "IfElse\IfElse.csproj", "{34991F09-7D1B-427A-AD44-291B44D6697D}"
EndProject
Project("{9A19103F-16F7-4668-BE54-9A1E7A4F7556}") = "WhileLoop", "WhileLoop\WhileLoop.csproj", "{DC51AD5C-3D37-443D-A658-7E9E220AF16C}"
EndProject
Project("{9A19103F-16F7-4668-BE54-9A1E7A4F7556}") = "LoopDoWhile", "LoopDoWhile\LoopDoWhile.csproj", "{AF3A71EF-AC9C-480C-B858-CA4FABE0E3D9}"
EndProject
Project("{9A19103F-16F7-4668-BE54-9A1E7A4F7556}") = "ForLoop", "ForLoop\ForLoop.csproj", "{19EA9B15-564D-4B59-BB02-3B181318F314}"
EndProject
Project("{9A19103F-16F7-4668-BE54-9A1E7A4F7556}") = "BranchesAndLoops", "BranchesAndLoops\BranchesAndLoops.csproj", "{EC6C81C7-B687-44B1-8D14-731FDB90E55F}"
EndProject
Project("{9A19103F-16F7-4668-BE54-9A1E7A4F7556}") = "ListsAndCollections", "ListsAndCollections\ListsAndCollections.csproj", "{58C83B43-1B46-4B44-8D6C-1FE0B683D2F0}"
EndProject
Project("{9A19103F-16F7-4668-BE54-9A1E7A4F7556}") = "SortSerchIndex", "SortSerchIndex\SortSerchIndex.csproj", "{5FFA4BA7-FFAA-4940-B7C4-52B4DF4FA330}"
EndProject
Project("{9A19103F-16F7-4668-BE54-9A1E7A4F7556}") = "ListsOfOtherTypes", "ListsOfOtherTypes\ListsOfOtherTypes.csproj", "{4FFDEF7E-4EFF-442C-AB1B-68C6D6FB8731}"
EndProject
Project("{9A19103F-16F7-4668-BE54-9A1E7A4F7556}") = "FibonacciNumbers", "FibonacciNumbers\FibonacciNumbers.csproj", "{7DCC0930-879C-43D1-A519-88367D27396E}"
EndProject
Project("{FAE04EC0-301F-11D3-BF4B-00C04F79EFBC}") = "MySuperBank", "MySuperBank\MySuperBank.csproj", "{6FFCBDF9-3927-44FB-9B33-1364280C893A}"
EndProject
Global
	GlobalSection(SolutionConfigurationPlatforms) = preSolution
		Debug|Any CPU = Debug|Any CPU
		Release|Any CPU = Release|Any CPU
	EndGlobalSection
	GlobalSection(ProjectConfigurationPlatforms) = postSolution
		{4DFF9948-34D4-4DD7-A8A5-A3AE7261D511}.Debug|Any CPU.ActiveCfg = Debug|Any CPU
		{4DFF9948-34D4-4DD7-A8A5-A3AE7261D511}.Debug|Any CPU.Build.0 = Debug|Any CPU
		{4DFF9948-34D4-4DD7-A8A5-A3AE7261D511}.Release|Any CPU.ActiveCfg = Release|Any CPU
		{4DFF9948-34D4-4DD7-A8A5-A3AE7261D511}.Release|Any CPU.Build.0 = Release|Any CPU
		{C8F6E228-3B63-4F38-A767-B30E1B13BEF0}.Debug|Any CPU.ActiveCfg = Debug|Any CPU
		{C8F6E228-3B63-4F38-A767-B30E1B13BEF0}.Debug|Any CPU.Build.0 = Debug|Any CPU
		{C8F6E228-3B63-4F38-A767-B30E1B13BEF0}.Release|Any CPU.ActiveCfg = Release|Any CPU
		{C8F6E228-3B63-4F38-A767-B30E1B13BEF0}.Release|Any CPU.Build.0 = Release|Any CPU
		{397967D3-6315-44A5-A4B9-ED7815E75C16}.Debug|Any CPU.ActiveCfg = Debug|Any CPU
		{397967D3-6315-44A5-A4B9-ED7815E75C16}.Debug|Any CPU.Build.0 = Debug|Any CPU
		{397967D3-6315-44A5-A4B9-ED7815E75C16}.Release|Any CPU.ActiveCfg = Release|Any CPU
		{397967D3-6315-44A5-A4B9-ED7815E75C16}.Release|Any CPU.Build.0 = Release|Any CPU
		{CB677B8E-2269-4064-BB59-A650AEF66186}.Debug|Any CPU.ActiveCfg = Debug|Any CPU
		{CB677B8E-2269-4064-BB59-A650AEF66186}.Debug|Any CPU.Build.0 = Debug|Any CPU
		{CB677B8E-2269-4064-BB59-A650AEF66186}.Release|Any CPU.ActiveCfg = Release|Any CPU
		{CB677B8E-2269-4064-BB59-A650AEF66186}.Release|Any CPU.Build.0 = Release|Any CPU
		{FD89D5D4-B7CC-428F-8BCB-1C3A2C0402F6}.Debug|Any CPU.ActiveCfg = Debug|Any CPU
		{FD89D5D4-B7CC-428F-8BCB-1C3A2C0402F6}.Debug|Any CPU.Build.0 = Debug|Any CPU
		{FD89D5D4-B7CC-428F-8BCB-1C3A2C0402F6}.Release|Any CPU.ActiveCfg = Release|Any CPU
		{FD89D5D4-B7CC-428F-8BCB-1C3A2C0402F6}.Release|Any CPU.Build.0 = Release|Any CPU
		{4B3B4624-439F-44C2-9F5C-4489D087865C}.Debug|Any CPU.ActiveCfg = Debug|Any CPU
		{4B3B4624-439F-44C2-9F5C-4489D087865C}.Debug|Any CPU.Build.0 = Debug|Any CPU
		{4B3B4624-439F-44C2-9F5C-4489D087865C}.Release|Any CPU.ActiveCfg = Release|Any CPU
		{4B3B4624-439F-44C2-9F5C-4489D087865C}.Release|Any CPU.Build.0 = Release|Any CPU
		{F64639DD-51BE-4455-A635-E27AFFCA0EDE}.Debug|Any CPU.ActiveCfg = Debug|Any CPU
		{F64639DD-51BE-4455-A635-E27AFFCA0EDE}.Debug|Any CPU.Build.0 = Debug|Any CPU
		{F64639DD-51BE-4455-A635-E27AFFCA0EDE}.Release|Any CPU.ActiveCfg = Release|Any CPU
		{F64639DD-51BE-4455-A635-E27AFFCA0EDE}.Release|Any CPU.Build.0 = Release|Any CPU
		{3F0D279D-C527-4A7B-BEA0-BD24BE6C86A7}.Debug|Any CPU.ActiveCfg = Debug|Any CPU
		{3F0D279D-C527-4A7B-BEA0-BD24BE6C86A7}.Debug|Any CPU.Build.0 = Debug|Any CPU
		{3F0D279D-C527-4A7B-BEA0-BD24BE6C86A7}.Release|Any CPU.ActiveCfg = Release|Any CPU
		{3F0D279D-C527-4A7B-BEA0-BD24BE6C86A7}.Release|Any CPU.Build.0 = Release|Any CPU
		{C77D71FE-0CE7-4145-BB68-0082FF5A1DC3}.Debug|Any CPU.ActiveCfg = Debug|Any CPU
		{C77D71FE-0CE7-4145-BB68-0082FF5A1DC3}.Debug|Any CPU.Build.0 = Debug|Any CPU
		{C77D71FE-0CE7-4145-BB68-0082FF5A1DC3}.Release|Any CPU.ActiveCfg = Release|Any CPU
		{C77D71FE-0CE7-4145-BB68-0082FF5A1DC3}.Release|Any CPU.Build.0 = Release|Any CPU
		{83BC2ABC-9EC0-4F59-A964-C127360F7F20}.Debug|Any CPU.ActiveCfg = Debug|Any CPU
		{83BC2ABC-9EC0-4F59-A964-C127360F7F20}.Debug|Any CPU.Build.0 = Debug|Any CPU
		{83BC2ABC-9EC0-4F59-A964-C127360F7F20}.Release|Any CPU.ActiveCfg = Release|Any CPU
		{83BC2ABC-9EC0-4F59-A964-C127360F7F20}.Release|Any CPU.Build.0 = Release|Any CPU
		{65AECB65-48C1-4259-8E21-1ED3FC6D1F60}.Debug|Any CPU.ActiveCfg = Debug|Any CPU
		{65AECB65-48C1-4259-8E21-1ED3FC6D1F60}.Debug|Any CPU.Build.0 = Debug|Any CPU
		{65AECB65-48C1-4259-8E21-1ED3FC6D1F60}.Release|Any CPU.ActiveCfg = Release|Any CPU
		{65AECB65-48C1-4259-8E21-1ED3FC6D1F60}.Release|Any CPU.Build.0 = Release|Any CPU
		{0757951B-A120-42ED-B45D-BB3763E1ADAB}.Debug|Any CPU.ActiveCfg = Debug|Any CPU
		{0757951B-A120-42ED-B45D-BB3763E1ADAB}.Debug|Any CPU.Build.0 = Debug|Any CPU
		{0757951B-A120-42ED-B45D-BB3763E1ADAB}.Release|Any CPU.ActiveCfg = Release|Any CPU
		{0757951B-A120-42ED-B45D-BB3763E1ADAB}.Release|Any CPU.Build.0 = Release|Any CPU
		{34991F09-7D1B-427A-AD44-291B44D6697D}.Debug|Any CPU.ActiveCfg = Debug|Any CPU
		{34991F09-7D1B-427A-AD44-291B44D6697D}.Debug|Any CPU.Build.0 = Debug|Any CPU
		{34991F09-7D1B-427A-AD44-291B44D6697D}.Release|Any CPU.ActiveCfg = Release|Any CPU
		{34991F09-7D1B-427A-AD44-291B44D6697D}.Release|Any CPU.Build.0 = Release|Any CPU
		{DC51AD5C-3D37-443D-A658-7E9E220AF16C}.Debug|Any CPU.ActiveCfg = Debug|Any CPU
		{DC51AD5C-3D37-443D-A658-7E9E220AF16C}.Debug|Any CPU.Build.0 = Debug|Any CPU
		{DC51AD5C-3D37-443D-A658-7E9E220AF16C}.Release|Any CPU.ActiveCfg = Release|Any CPU
		{DC51AD5C-3D37-443D-A658-7E9E220AF16C}.Release|Any CPU.Build.0 = Release|Any CPU
		{AF3A71EF-AC9C-480C-B858-CA4FABE0E3D9}.Debug|Any CPU.ActiveCfg = Debug|Any CPU
		{AF3A71EF-AC9C-480C-B858-CA4FABE0E3D9}.Debug|Any CPU.Build.0 = Debug|Any CPU
		{AF3A71EF-AC9C-480C-B858-CA4FABE0E3D9}.Release|Any CPU.ActiveCfg = Release|Any CPU
		{AF3A71EF-AC9C-480C-B858-CA4FABE0E3D9}.Release|Any CPU.Build.0 = Release|Any CPU
		{19EA9B15-564D-4B59-BB02-3B181318F314}.Debug|Any CPU.ActiveCfg = Debug|Any CPU
		{19EA9B15-564D-4B59-BB02-3B181318F314}.Debug|Any CPU.Build.0 = Debug|Any CPU
		{19EA9B15-564D-4B59-BB02-3B181318F314}.Release|Any CPU.ActiveCfg = Release|Any CPU
		{19EA9B15-564D-4B59-BB02-3B181318F314}.Release|Any CPU.Build.0 = Release|Any CPU
		{EC6C81C7-B687-44B1-8D14-731FDB90E55F}.Debug|Any CPU.ActiveCfg = Debug|Any CPU
		{EC6C81C7-B687-44B1-8D14-731FDB90E55F}.Debug|Any CPU.Build.0 = Debug|Any CPU
		{EC6C81C7-B687-44B1-8D14-731FDB90E55F}.Release|Any CPU.ActiveCfg = Release|Any CPU
		{EC6C81C7-B687-44B1-8D14-731FDB90E55F}.Release|Any CPU.Build.0 = Release|Any CPU
		{58C83B43-1B46-4B44-8D6C-1FE0B683D2F0}.Debug|Any CPU.ActiveCfg = Debug|Any CPU
		{58C83B43-1B46-4B44-8D6C-1FE0B683D2F0}.Debug|Any CPU.Build.0 = Debug|Any CPU
		{58C83B43-1B46-4B44-8D6C-1FE0B683D2F0}.Release|Any CPU.ActiveCfg = Release|Any CPU
		{58C83B43-1B46-4B44-8D6C-1FE0B683D2F0}.Release|Any CPU.Build.0 = Release|Any CPU
		{5FFA4BA7-FFAA-4940-B7C4-52B4DF4FA330}.Debug|Any CPU.ActiveCfg = Debug|Any CPU
		{5FFA4BA7-FFAA-4940-B7C4-52B4DF4FA330}.Debug|Any CPU.Build.0 = Debug|Any CPU
		{5FFA4BA7-FFAA-4940-B7C4-52B4DF4FA330}.Release|Any CPU.ActiveCfg = Release|Any CPU
		{5FFA4BA7-FFAA-4940-B7C4-52B4DF4FA330}.Release|Any CPU.Build.0 = Release|Any CPU
		{4FFDEF7E-4EFF-442C-AB1B-68C6D6FB8731}.Debug|Any CPU.ActiveCfg = Debug|Any CPU
		{4FFDEF7E-4EFF-442C-AB1B-68C6D6FB8731}.Debug|Any CPU.Build.0 = Debug|Any CPU
		{4FFDEF7E-4EFF-442C-AB1B-68C6D6FB8731}.Release|Any CPU.ActiveCfg = Release|Any CPU
		{4FFDEF7E-4EFF-442C-AB1B-68C6D6FB8731}.Release|Any CPU.Build.0 = Release|Any CPU
		{7DCC0930-879C-43D1-A519-88367D27396E}.Debug|Any CPU.ActiveCfg = Debug|Any CPU
		{7DCC0930-879C-43D1-A519-88367D27396E}.Debug|Any CPU.Build.0 = Debug|Any CPU
		{7DCC0930-879C-43D1-A519-88367D27396E}.Release|Any CPU.ActiveCfg = Release|Any CPU
		{7DCC0930-879C-43D1-A519-88367D27396E}.Release|Any CPU.Build.0 = Release|Any CPU
		{6FFCBDF9-3927-44FB-9B33-1364280C893A}.Debug|Any CPU.ActiveCfg = Debug|Any CPU
		{6FFCBDF9-3927-44FB-9B33-1364280C893A}.Debug|Any CPU.Build.0 = Debug|Any CPU
		{6FFCBDF9-3927-44FB-9B33-1364280C893A}.Release|Any CPU.ActiveCfg = Release|Any CPU
		{6FFCBDF9-3927-44FB-9B33-1364280C893A}.Release|Any CPU.Build.0 = Release|Any CPU
	EndGlobalSection
	GlobalSection(SolutionProperties) = preSolution
		HideSolutionNode = FALSE
	EndGlobalSection
	GlobalSection(ExtensibilityGlobals) = postSolution
		SolutionGuid = {5E4D34F6-FBD7-42D4-B3F6-336015EB1868}
	EndGlobalSection
EndGlobal
